Microsoft Visual Studio Solution File, Format Version 12.00
# Visual Studio Version 16
VisualStudioVersion = 16.0.0.0
MinimumVisualStudioVersion = 16.0.0.0
Project("{9A19103F-16F7-4668-BE54-9A1E7A4F7556}") = "2ndSemesterProjekt2.Server", "Server\2ndSemesterProjekt2.Server.csproj", "{39E7F529-6DF7-46FB-A579-863B766887EB}"
EndProject
Project("{9A19103F-16F7-4668-BE54-9A1E7A4F7556}") = "2ndSemesterProjekt2.Client", "Client\2ndSemesterProjekt2.Client.csproj", "{6DA0EBD4-CBD2-4608-83A9-BA4AC14D17DB}"
EndProject
Project("{9A19103F-16F7-4668-BE54-9A1E7A4F7556}") = "2ndSemesterProjekt2.Shared", "Shared\2ndSemesterProjekt2.Shared.csproj", "{700D0E0E-0326-4A1C-944D-9631C8C2C9BB}"
EndProject
Global
	GlobalSection(SolutionConfigurationPlatforms) = preSolution
		Debug|Any CPU = Debug|Any CPU
		Debug|x64 = Debug|x64
		Debug|x86 = Debug|x86
		Release|Any CPU = Release|Any CPU
		Release|x64 = Release|x64
		Release|x86 = Release|x86
	EndGlobalSection
	GlobalSection(ProjectConfigurationPlatforms) = postSolution
		{6DA0EBD4-CBD2-4608-83A9-BA4AC14D17DB}.Debug|Any CPU.ActiveCfg = Debug|Any CPU
		{6DA0EBD4-CBD2-4608-83A9-BA4AC14D17DB}.Debug|Any CPU.Build.0 = Debug|Any CPU
		{6DA0EBD4-CBD2-4608-83A9-BA4AC14D17DB}.Debug|x64.ActiveCfg = Debug|Any CPU
		{6DA0EBD4-CBD2-4608-83A9-BA4AC14D17DB}.Debug|x64.Build.0 = Debug|Any CPU
		{6DA0EBD4-CBD2-4608-83A9-BA4AC14D17DB}.Debug|x86.ActiveCfg = Debug|Any CPU
		{6DA0EBD4-CBD2-4608-83A9-BA4AC14D17DB}.Debug|x86.Build.0 = Debug|Any CPU
		{6DA0EBD4-CBD2-4608-83A9-BA4AC14D17DB}.Release|Any CPU.ActiveCfg = Release|Any CPU
		{6DA0EBD4-CBD2-4608-83A9-BA4AC14D17DB}.Release|Any CPU.Build.0 = Release|Any CPU
		{6DA0EBD4-CBD2-4608-83A9-BA4AC14D17DB}.Release|x64.ActiveCfg = Release|Any CPU
		{6DA0EBD4-CBD2-4608-83A9-BA4AC14D17DB}.Release|x64.Build.0 = Release|Any CPU
		{6DA0EBD4-CBD2-4608-83A9-BA4AC14D17DB}.Release|x86.ActiveCfg = Release|Any CPU
		{6DA0EBD4-CBD2-4608-83A9-BA4AC14D17DB}.Release|x86.Build.0 = Release|Any CPU
		{39E7F529-6DF7-46FB-A579-863B766887EB}.Debug|Any CPU.ActiveCfg = Debug|Any CPU
		{39E7F529-6DF7-46FB-A579-863B766887EB}.Debug|Any CPU.Build.0 = Debug|Any CPU
		{39E7F529-6DF7-46FB-A579-863B766887EB}.Debug|x64.ActiveCfg = Debug|Any CPU
		{39E7F529-6DF7-46FB-A579-863B766887EB}.Debug|x64.Build.0 = Debug|Any CPU
		{39E7F529-6DF7-46FB-A579-863B766887EB}.Debug|x86.ActiveCfg = Debug|Any CPU
		{39E7F529-6DF7-46FB-A579-863B766887EB}.Debug|x86.Build.0 = Debug|Any CPU
		{39E7F529-6DF7-46FB-A579-863B766887EB}.Release|Any CPU.ActiveCfg = Release|Any CPU
		{39E7F529-6DF7-46FB-A579-863B766887EB}.Release|Any CPU.Build.0 = Release|Any CPU
		{39E7F529-6DF7-46FB-A579-863B766887EB}.Release|x64.ActiveCfg = Release|Any CPU
		{39E7F529-6DF7-46FB-A579-863B766887EB}.Release|x64.Build.0 = Release|Any CPU
		{39E7F529-6DF7-46FB-A579-863B766887EB}.Release|x86.ActiveCfg = Release|Any CPU
		{39E7F529-6DF7-46FB-A579-863B766887EB}.Release|x86.Build.0 = Release|Any CPU
		{700D0E0E-0326-4A1C-944D-9631C8C2C9BB}.Debug|Any CPU.ActiveCfg = Debug|Any CPU
		{700D0E0E-0326-4A1C-944D-9631C8C2C9BB}.Debug|Any CPU.Build.0 = Debug|Any CPU
		{700D0E0E-0326-4A1C-944D-9631C8C2C9BB}.Debug|x64.ActiveCfg = Debug|Any CPU
		{700D0E0E-0326-4A1C-944D-9631C8C2C9BB}.Debug|x64.Build.0 = Debug|Any CPU
		{700D0E0E-0326-4A1C-944D-9631C8C2C9BB}.Debug|x86.ActiveCfg = Debug|Any CPU
		{700D0E0E-0326-4A1C-944D-9631C8C2C9BB}.Debug|x86.Build.0 = Debug|Any CPU
		{700D0E0E-0326-4A1C-944D-9631C8C2C9BB}.Release|Any CPU.ActiveCfg = Release|Any CPU
		{700D0E0E-0326-4A1C-944D-9631C8C2C9BB}.Release|Any CPU.Build.0 = Release|Any CPU
		{700D0E0E-0326-4A1C-944D-9631C8C2C9BB}.Release|x64.ActiveCfg = Release|Any CPU
		{700D0E0E-0326-4A1C-944D-9631C8C2C9BB}.Release|x64.Build.0 = Release|Any CPU
		{700D0E0E-0326-4A1C-944D-9631C8C2C9BB}.Release|x86.ActiveCfg = Release|Any CPU
		{700D0E0E-0326-4A1C-944D-9631C8C2C9BB}.Release|x86.Build.0 = Release|Any CPU
	EndGlobalSection
	GlobalSection(SolutionProperties) = preSolution
		HideSolutionNode = FALSE
	EndGlobalSection
	GlobalSection(ExtensibilityGlobals) = postSolution
		SolutionGuid = {6BA7AC15-97C0-4A7C-9425-C103FF15163C}
	EndGlobalSection
EndGlobal