
Microsoft Visual Studio Solution File, Format Version 12.00
# Visual Studio Version 16
VisualStudioVersion = 16.0.31911.196
MinimumVisualStudioVersion = 10.0.40219.1
Project("{FAE04EC0-301F-11D3-BF4B-00C04F79EFBC}") = "FestivalBookingSystem.Server", "Server\FestivalBookingSystem.Server.csproj", "{562E7017-18E8-4470-8C7E-1810BF9AAC1D}"
EndProject
Project("{FAE04EC0-301F-11D3-BF4B-00C04F79EFBC}") = "FestivalBookingSystem.Client", "Client\FestivalBookingSystem.Client.csproj", "{8284D69E-4622-4817-B6DD-C1031D248E4D}"
EndProject
Project("{FAE04EC0-301F-11D3-BF4B-00C04F79EFBC}") = "FestivalBookingSystem.Shared", "Shared\FestivalBookingSystem.Shared.csproj", "{5B81A274-577D-4A65-808E-492F8F06AEB8}"
EndProject
Global
	GlobalSection(SolutionConfigurationPlatforms) = preSolution
		Debug|Any CPU = Debug|Any CPU
		Release|Any CPU = Release|Any CPU
	EndGlobalSection
	GlobalSection(ProjectConfigurationPlatforms) = postSolution
		{562E7017-18E8-4470-8C7E-1810BF9AAC1D}.Debug|Any CPU.ActiveCfg = Debug|Any CPU
		{562E7017-18E8-4470-8C7E-1810BF9AAC1D}.Debug|Any CPU.Build.0 = Debug|Any CPU
		{562E7017-18E8-4470-8C7E-1810BF9AAC1D}.Release|Any CPU.ActiveCfg = Release|Any CPU
		{562E7017-18E8-4470-8C7E-1810BF9AAC1D}.Release|Any CPU.Build.0 = Release|Any CPU
		{8284D69E-4622-4817-B6DD-C1031D248E4D}.Debug|Any CPU.ActiveCfg = Debug|Any CPU
		{8284D69E-4622-4817-B6DD-C1031D248E4D}.Debug|Any CPU.Build.0 = Debug|Any CPU
		{8284D69E-4622-4817-B6DD-C1031D248E4D}.Release|Any CPU.ActiveCfg = Release|Any CPU
		{8284D69E-4622-4817-B6DD-C1031D248E4D}.Release|Any CPU.Build.0 = Release|Any CPU
		{5B81A274-577D-4A65-808E-492F8F06AEB8}.Debug|Any CPU.ActiveCfg = Debug|Any CPU
		{5B81A274-577D-4A65-808E-492F8F06AEB8}.Debug|Any CPU.Build.0 = Debug|Any CPU
		{5B81A274-577D-4A65-808E-492F8F06AEB8}.Release|Any CPU.ActiveCfg = Release|Any CPU
		{5B81A274-577D-4A65-808E-492F8F06AEB8}.Release|Any CPU.Build.0 = Release|Any CPU
	EndGlobalSection
	GlobalSection(SolutionProperties) = preSolution
		HideSolutionNode = FALSE
	EndGlobalSection
	GlobalSection(ExtensibilityGlobals) = postSolution
		SolutionGuid = {DB264809-FE47-4342-AB9E-00A717402B58}
	EndGlobalSection
EndGlobal
