Microsoft Visual Studio Solution File, Format Version 12.00
# Visual Studio Version 16
VisualStudioVersion = 16.0.0.0
MinimumVisualStudioVersion = 16.0.0.0
Project("{9A19103F-16F7-4668-BE54-9A1E7A4F7556}") = "New2ndSemester.Server", "Server\New2ndSemester.Server.csproj", "{EA8030F3-EEBA-4BD1-AEF0-5515CC4D6E1B}"
EndProject
Project("{9A19103F-16F7-4668-BE54-9A1E7A4F7556}") = "New2ndSemester.Client", "Client\New2ndSemester.Client.csproj", "{56DD7D5E-0795-4093-A2E6-CF6320823A75}"
EndProject
Project("{9A19103F-16F7-4668-BE54-9A1E7A4F7556}") = "New2ndSemester.Shared", "Shared\New2ndSemester.Shared.csproj", "{3C665D6E-9656-42A7-A05B-FC314127F32E}"
EndProject
Global
	GlobalSection(SolutionConfigurationPlatforms) = preSolution
		Debug|Any CPU = Debug|Any CPU
		Debug|x64 = Debug|x64
		Debug|x86 = Debug|x86
		Release|Any CPU = Release|Any CPU
		Release|x64 = Release|x64
		Release|x86 = Release|x86
	EndGlobalSection
	GlobalSection(ProjectConfigurationPlatforms) = postSolution
		{56DD7D5E-0795-4093-A2E6-CF6320823A75}.Debug|Any CPU.ActiveCfg = Debug|Any CPU
		{56DD7D5E-0795-4093-A2E6-CF6320823A75}.Debug|Any CPU.Build.0 = Debug|Any CPU
		{56DD7D5E-0795-4093-A2E6-CF6320823A75}.Debug|x64.ActiveCfg = Debug|Any CPU
		{56DD7D5E-0795-4093-A2E6-CF6320823A75}.Debug|x64.Build.0 = Debug|Any CPU
		{56DD7D5E-0795-4093-A2E6-CF6320823A75}.Debug|x86.ActiveCfg = Debug|Any CPU
		{56DD7D5E-0795-4093-A2E6-CF6320823A75}.Debug|x86.Build.0 = Debug|Any CPU
		{56DD7D5E-0795-4093-A2E6-CF6320823A75}.Release|Any CPU.ActiveCfg = Release|Any CPU
		{56DD7D5E-0795-4093-A2E6-CF6320823A75}.Release|Any CPU.Build.0 = Release|Any CPU
		{56DD7D5E-0795-4093-A2E6-CF6320823A75}.Release|x64.ActiveCfg = Release|Any CPU
		{56DD7D5E-0795-4093-A2E6-CF6320823A75}.Release|x64.Build.0 = Release|Any CPU
		{56DD7D5E-0795-4093-A2E6-CF6320823A75}.Release|x86.ActiveCfg = Release|Any CPU
		{56DD7D5E-0795-4093-A2E6-CF6320823A75}.Release|x86.Build.0 = Release|Any CPU
		{EA8030F3-EEBA-4BD1-AEF0-5515CC4D6E1B}.Debug|Any CPU.ActiveCfg = Debug|Any CPU
		{EA8030F3-EEBA-4BD1-AEF0-5515CC4D6E1B}.Debug|Any CPU.Build.0 = Debug|Any CPU
		{EA8030F3-EEBA-4BD1-AEF0-5515CC4D6E1B}.Debug|x64.ActiveCfg = Debug|Any CPU
		{EA8030F3-EEBA-4BD1-AEF0-5515CC4D6E1B}.Debug|x64.Build.0 = Debug|Any CPU
		{EA8030F3-EEBA-4BD1-AEF0-5515CC4D6E1B}.Debug|x86.ActiveCfg = Debug|Any CPU
		{EA8030F3-EEBA-4BD1-AEF0-5515CC4D6E1B}.Debug|x86.Build.0 = Debug|Any CPU
		{EA8030F3-EEBA-4BD1-AEF0-5515CC4D6E1B}.Release|Any CPU.ActiveCfg = Release|Any CPU
		{EA8030F3-EEBA-4BD1-AEF0-5515CC4D6E1B}.Release|Any CPU.Build.0 = Release|Any CPU
		{EA8030F3-EEBA-4BD1-AEF0-5515CC4D6E1B}.Release|x64.ActiveCfg = Release|Any CPU
		{EA8030F3-EEBA-4BD1-AEF0-5515CC4D6E1B}.Release|x64.Build.0 = Release|Any CPU
		{EA8030F3-EEBA-4BD1-AEF0-5515CC4D6E1B}.Release|x86.ActiveCfg = Release|Any CPU
		{EA8030F3-EEBA-4BD1-AEF0-5515CC4D6E1B}.Release|x86.Build.0 = Release|Any CPU
		{3C665D6E-9656-42A7-A05B-FC314127F32E}.Debug|Any CPU.ActiveCfg = Debug|Any CPU
		{3C665D6E-9656-42A7-A05B-FC314127F32E}.Debug|Any CPU.Build.0 = Debug|Any CPU
		{3C665D6E-9656-42A7-A05B-FC314127F32E}.Debug|x64.ActiveCfg = Debug|Any CPU
		{3C665D6E-9656-42A7-A05B-FC314127F32E}.Debug|x64.Build.0 = Debug|Any CPU
		{3C665D6E-9656-42A7-A05B-FC314127F32E}.Debug|x86.ActiveCfg = Debug|Any CPU
		{3C665D6E-9656-42A7-A05B-FC314127F32E}.Debug|x86.Build.0 = Debug|Any CPU
		{3C665D6E-9656-42A7-A05B-FC314127F32E}.Release|Any CPU.ActiveCfg = Release|Any CPU
		{3C665D6E-9656-42A7-A05B-FC314127F32E}.Release|Any CPU.Build.0 = Release|Any CPU
		{3C665D6E-9656-42A7-A05B-FC314127F32E}.Release|x64.ActiveCfg = Release|Any CPU
		{3C665D6E-9656-42A7-A05B-FC314127F32E}.Release|x64.Build.0 = Release|Any CPU
		{3C665D6E-9656-42A7-A05B-FC314127F32E}.Release|x86.ActiveCfg = Release|Any CPU
		{3C665D6E-9656-42A7-A05B-FC314127F32E}.Release|x86.Build.0 = Release|Any CPU
	EndGlobalSection
	GlobalSection(SolutionProperties) = preSolution
		HideSolutionNode = FALSE
	EndGlobalSection
	GlobalSection(ExtensibilityGlobals) = postSolution
		SolutionGuid = {7EBFEA50-72F2-4039-95A5-34095FC52A36}
	EndGlobalSection
EndGlobal